{
  "name": "rubix-wires",
  "version": "2.4.2",
  "lockfileVersion": 1,
  "requires": true,
  "dependencies": {
    "acorn": {
      "version": "8.7.0",
      "resolved": "https://registry.npmjs.org/acorn/-/acorn-8.7.0.tgz",
      "integrity": "sha512-V/LGr1APy+PXIwKebEWrkZPwoeoF+w1jiOBUmuxuiUIaOHtob8Qc9BTrYo7VuI5fR8tqsy+buA2WFooR5olqvQ=="
    },
    "acorn-walk": {
      "version": "8.2.0",
      "resolved": "https://registry.npmjs.org/acorn-walk/-/acorn-walk-8.2.0.tgz",
      "integrity": "sha512-k+iyHEuPgSw6SbuDpGQM+06HQUa04DZ3o+F6CSzXMvvI5KMvnaEqXe+YVe555R9nn6GPt404fos4wcgpw12SDA=="
    },
    "vm2": {
      "version": "3.9.7",
      "resolved": "https://registry.npmjs.org/vm2/-/vm2-3.9.7.tgz",
      "integrity": "sha512-g/GZ7V0Mlmch3eDVOATvAXr1GsJNg6kQ5PjvYy3HbJMCRn5slNbo/u73Uy7r5yUej1cRa3ZjtoVwcWSQuQ/fow==",
      "requires": {
        "acorn": "^8.7.0",
        "acorn-walk": "^8.2.0"
      }
    }
  }
}
