# THIS IS AN AUTOGENERATED FILE. DO NOT EDIT THIS FILE DIRECTLY.
# yarn lockfile v1


vm2@^3.9.2:
  version "3.9.2"
  resolved "https://registry.yarnpkg.com/vm2/-/vm2-3.9.2.tgz#a4085d2d88a808a1b3c06d5478c2db3222a9cc30"
  integrity sha512-nzyFmHdy2FMg7mYraRytc2jr4QBaUY3TEGe3q3bK8EgS9WC98wxn2jrPxS/ruWm+JGzrEIIeufKweQzVoQEd+Q==
